Microsoft Visual Studio Solution File, Format Version 12.00
# Visual Studio 2012
Project("{FAE04EC0-301F-11D3-BF4B-00C04F79EFBC}") = "roguelike_client", "roguelike_client.csproj", "{BA3F2231-F915-4320-A344-401765A3F753}"
EndProject
Global
	GlobalSection(SolutionConfigurationPlatforms) = preSolution
	Debug|Any CPU = Debug|Any CPU
	ExportDebug|Any CPU = ExportDebug|Any CPU
	ExportRelease|Any CPU = ExportRelease|Any CPU
	EndGlobalSection
	GlobalSection(ProjectConfigurationPlatforms) = postSolution
		{BA3F2231-F915-4320-A344-401765A3F753}.Debug|Any CPU.ActiveCfg = Debug|Any CPU
		{BA3F2231-F915-4320-A344-401765A3F753}.Debug|Any CPU.Build.0 = Debug|Any CPU
		{BA3F2231-F915-4320-A344-401765A3F753}.ExportDebug|Any CPU.ActiveCfg = ExportDebug|Any CPU
		{BA3F2231-F915-4320-A344-401765A3F753}.ExportDebug|Any CPU.Build.0 = ExportDebug|Any CPU
		{BA3F2231-F915-4320-A344-401765A3F753}.ExportRelease|Any CPU.ActiveCfg = ExportRelease|Any CPU
		{BA3F2231-F915-4320-A344-401765A3F753}.ExportRelease|Any CPU.Build.0 = ExportRelease|Any CPU
	EndGlobalSection
EndGlobal
